
Microsoft Visual Studio Solution File, Format Version 12.00
# Visual Studio Version 17
VisualStudioVersion = 17.8.34511.84
MinimumVisualStudioVersion = 10.0.40219.1
Project("{8BC9CEB8-8B4A-11D0-8D11-00A0C91BC942}") = "mafia", "mafia\mafia.vcxproj", "{4ECEA257-7FFA-4D83-A8A5-29255C6009E0}"
EndProject
Global
	GlobalSection(SolutionConfigurationPlatforms) = preSolution
		Debug|ARM64 = Debug|ARM64
		Debug|x64 = Debug|x64
		Debug|x86 = Debug|x86
		Release|ARM64 = Release|ARM64
		Release|x64 = Release|x64
		Release|x86 = Release|x86
	EndGlobalSection
	GlobalSection(ProjectConfigurationPlatforms) = postSolution
		{4ECEA257-7FFA-4D83-A8A5-29255C6009E0}.Debug|ARM64.ActiveCfg = Debug|ARM64
		{4ECEA257-7FFA-4D83-A8A5-29255C6009E0}.Debug|ARM64.Build.0 = Debug|ARM64
		{4ECEA257-7FFA-4D83-A8A5-29255C6009E0}.Debug|x64.ActiveCfg = Debug|x64
		{4ECEA257-7FFA-4D83-A8A5-29255C6009E0}.Debug|x64.Build.0 = Debug|x64
		{4ECEA257-7FFA-4D83-A8A5-29255C6009E0}.Debug|x86.ActiveCfg = Debug|Win32
		{4ECEA257-7FFA-4D83-A8A5-29255C6009E0}.Debug|x86.Build.0 = Debug|Win32
		{4ECEA257-7FFA-4D83-A8A5-29255C6009E0}.Release|ARM64.ActiveCfg = Release|ARM64
		{4ECEA257-7FFA-4D83-A8A5-29255C6009E0}.Release|ARM64.Build.0 = Release|ARM64
		{4ECEA257-7FFA-4D83-A8A5-29255C6009E0}.Release|x64.ActiveCfg = Release|x64
		{4ECEA257-7FFA-4D83-A8A5-29255C6009E0}.Release|x64.Build.0 = Release|x64
		{4ECEA257-7FFA-4D83-A8A5-29255C6009E0}.Release|x86.ActiveCfg = Release|Win32
		{4ECEA257-7FFA-4D83-A8A5-29255C6009E0}.Release|x86.Build.0 = Release|Win32
	EndGlobalSection
	GlobalSection(SolutionProperties) = preSolution
		HideSolutionNode = FALSE
	EndGlobalSection
	GlobalSection(ExtensibilityGlobals) = postSolution
		SolutionGuid = {94C1B8B0-3136-4334-94D9-735C21C9517E}
	EndGlobalSection
EndGlobal
